
Microsoft Visual Studio Solution File, Format Version 12.00
# Visual Studio 14
VisualStudioVersion = 14.0.25420.1
MinimumVisualStudioVersion = 10.0.40219.1
Project("{FAE04EC0-301F-11D3-BF4B-00C04F79EFBC}") = "api2", "api2\api2.csproj", "{9AE7EB36-B4EA-4F70-85C0-1BB4DC7816AF}"
EndProject
Global
	GlobalSection(SolutionConfigurationPlatforms) = preSolution
		Debug|Any CPU = Debug|Any CPU
		Release|Any CPU = Release|Any CPU
	EndGlobalSection
	GlobalSection(ProjectConfigurationPlatforms) = postSolution
		{9AE7EB36-B4EA-4F70-85C0-1BB4DC7816AF}.Debug|Any CPU.ActiveCfg = Debug|Any CPU
		{9AE7EB36-B4EA-4F70-85C0-1BB4DC7816AF}.Debug|Any CPU.Build.0 = Debug|Any CPU
		{9AE7EB36-B4EA-4F70-85C0-1BB4DC7816AF}.Release|Any CPU.ActiveCfg = Release|Any CPU
		{9AE7EB36-B4EA-4F70-85C0-1BB4DC7816AF}.Release|Any CPU.Build.0 = Release|Any CPU
	EndGlobalSection
	GlobalSection(SolutionProperties) = preSolution
		HideSolutionNode = FALSE
	EndGlobalSection
EndGlobal
